// !$*UTF8*$!
{
	archiveVersion = 1;
	classes = {
	};
	objectVersion = 55;
	objects = {

/* Begin PBXBuildFile section */
		453E1C562971535700282E44 /* CustomPhotosTableCell.swift in Sources */ = {isa = PBXBuildFile; fileRef = 453E1C552971535700282E44 /* CustomPhotosTableCell.swift */; };
		453E1C582986B53200282E44 /* PhotosViewController.swift in Sources */ = {isa = PBXBuildFile; fileRef = 453E1C572986B53200282E44 /* PhotosViewController.swift */; };
		453E1C5A2986F3B800282E44 /* PhotosCollectionViewCell.swift in Sources */ = {isa = PBXBuildFile; fileRef = 453E1C592986F3B800282E44 /* PhotosCollectionViewCell.swift */; };
		453E1CC6299D088200282E44 /* StorageService.docc in Sources */ = {isa = PBXBuildFile; fileRef = 453E1CC5299D088200282E44 /* StorageService.docc */; };
		453E1CCC299D088300282E44 /* StorageService.framework in Frameworks */ = {isa = PBXBuildFile; fileRef = 453E1CC2299D088200282E44 /* StorageService.framework */; };
		453E1CD4299D088300282E44 /* StorageService.h in Headers */ = {isa = PBXBuildFile; fileRef = 453E1CC4299D088200282E44 /* StorageService.h */; settings = {ATTRIBUTES = (Public, ); }; };
		453E1CD7299D088300282E44 /* StorageService.framework in Frameworks */ = {isa = PBXBuildFile; fileRef = 453E1CC2299D088200282E44 /* StorageService.framework */; };
		453E1CD8299D088300282E44 /* StorageService.framework in Embed Frameworks */ = {isa = PBXBuildFile; fileRef = 453E1CC2299D088200282E44 /* StorageService.framework */; settings = {ATTRIBUTES = (CodeSignOnCopy, RemoveHeadersOnCopy, ); }; };
		453E1CE0299D0E0500282E44 /* Post.swift in Sources */ = {isa = PBXBuildFile; fileRef = 457163BB28EB89C500B5F086 /* Post.swift */; };
		457163A228EB102400B5F086 /* AppDelegate.swift in Sources */ = {isa = PBXBuildFile; fileRef = 457163A128EB102400B5F086 /* AppDelegate.swift */; };
		457163A428EB102400B5F086 /* SceneDelegate.swift in Sources */ = {isa = PBXBuildFile; fileRef = 457163A328EB102400B5F086 /* SceneDelegate.swift */; };
		457163A628EB102400B5F086 /* ViewController.swift in Sources */ = {isa = PBXBuildFile; fileRef = 457163A528EB102400B5F086 /* ViewController.swift */; };
		457163AB28EB102400B5F086 /* Assets.xcassets in Resources */ = {isa = PBXBuildFile; fileRef = 457163AA28EB102400B5F086 /* Assets.xcassets */; };
		457163AE28EB102400B5F086 /* LaunchScreen.storyboard in Resources */ = {isa = PBXBuildFile; fileRef = 457163AC28EB102400B5F086 /* LaunchScreen.storyboard */; };
		457163B628EB1EE000B5F086 /* FeedViewController.swift in Sources */ = {isa = PBXBuildFile; fileRef = 457163B528EB1EE000B5F086 /* FeedViewController.swift */; };
		457163B828EB1EF300B5F086 /* ProfileViewController.swift in Sources */ = {isa = PBXBuildFile; fileRef = 457163B728EB1EF300B5F086 /* ProfileViewController.swift */; };
		457163BA28EB7C5B00B5F086 /* PostViewController.swift in Sources */ = {isa = PBXBuildFile; fileRef = 457163B928EB7C5B00B5F086 /* PostViewController.swift */; };
		457163BE28EB8E9200B5F086 /* InfoViewController.swift in Sources */ = {isa = PBXBuildFile; fileRef = 457163BD28EB8E9200B5F086 /* InfoViewController.swift */; };
		458331E6291408A8002CFDFD /* ProfileHeaderView.swift in Sources */ = {isa = PBXBuildFile; fileRef = 458331E5291408A8002CFDFD /* ProfileHeaderView.swift */; };
		458331E82934F314002CFDFD /* LogInViewController.swift in Sources */ = {isa = PBXBuildFile; fileRef = 458331E72934F314002CFDFD /* LogInViewController.swift */; };
		458331EE29364908002CFDFD /* extensionUIView.swift in Sources */ = {isa = PBXBuildFile; fileRef = 458331ED29364908002CFDFD /* extensionUIView.swift */; };
		458331F0293F7853002CFDFD /* PostTableViewCell.swift in Sources */ = {isa = PBXBuildFile; fileRef = 458331EF293F7853002CFDFD /* PostTableViewCell.swift */; };
/* End PBXBuildFile section */

/* Begin PBXContainerItemProxy section */
		453E1CCD299D088300282E44 /* PBXContainerItemProxy */ = {
			isa = PBXContainerItemProxy;
			containerPortal = 4571639628EB102400B5F086 /* Project object */;
			proxyType = 1;
			remoteGlobalIDString = 453E1CC1299D088200282E44;
			remoteInfo = StorageService;
		};
		453E1CCF299D088300282E44 /* PBXContainerItemProxy */ = {
			isa = PBXContainerItemProxy;
			containerPortal = 4571639628EB102400B5F086 /* Project object */;
			proxyType = 1;
			remoteGlobalIDString = 4571639D28EB102400B5F086;
			remoteInfo = "Navigation 03.10";
		};
		453E1CD5299D088300282E44 /* PBXContainerItemProxy */ = {
			isa = PBXContainerItemProxy;
			containerPortal = 4571639628EB102400B5F086 /* Project object */;
			proxyType = 1;
			remoteGlobalIDString = 453E1CC1299D088200282E44;
			remoteInfo = StorageService;
		};
/* End PBXContainerItemProxy section */

/* Begin PBXCopyFilesBuildPhase section */
		453E1CD9299D088300282E44 /* Embed Frameworks */ = {
			isa = PBXCopyFilesBuildPhase;
			buildActionMask = 2147483647;
			dstPath = "";
			dstSubfolderSpec = 10;
			files = (
				453E1CD8299D088300282E44 /* StorageService.framework in Embed Frameworks */,
			);
			name = "Embed Frameworks";
			runOnlyForDeploymentPostprocessing = 0;
		};
/* End PBXCopyFilesBuildPhase section */

/* Begin PBXFileReference section */
		453E1C552971535700282E44 /* CustomPhotosTableCell.swift */ = {isa = PBXFileReference; lastKnownFileType = sourcecode.swift; path = CustomPhotosTableCell.swift; sourceTree = "<group>"; };
		453E1C572986B53200282E44 /* PhotosViewController.swift */ = {isa = PBXFileReference; lastKnownFileType = sourcecode.swift; path = PhotosViewController.swift; sourceTree = "<group>"; };
		453E1C592986F3B800282E44 /* PhotosCollectionViewCell.swift */ = {isa = PBXFileReference; lastKnownFileType = sourcecode.swift; path = PhotosCollectionViewCell.swift; sourceTree = "<group>"; };
		453E1CC2299D088200282E44 /* StorageService.framework */ = {isa = PBXFileReference; explicitFileType = wrapper.framework; includeInIndex = 0; path = StorageService.framework; sourceTree = BUILT_PRODUCTS_DIR; };
		453E1CC4299D088200282E44 /* StorageService.h */ = {isa = PBXFileReference; lastKnownFileType = sourcecode.c.h; path = StorageService.h; sourceTree = "<group>"; };
		453E1CC5299D088200282E44 /* StorageService.docc */ = {isa = PBXFileReference; lastKnownFileType = folder.documentationcatalog; path = StorageService.docc; sourceTree = "<group>"; };
		453E1CCB299D088300282E44 /* StorageServiceTests.xctest */ = {isa = PBXFileReference; explicitFileType = wrapper.cfbundle; includeInIndex = 0; path = StorageServiceTests.xctest; sourceTree = BUILT_PRODUCTS_DIR; };
		4571639E28EB102400B5F086 /* Navigation 03.10.app */ = {isa = PBXFileReference; explicitFileType = wrapper.application; includeInIndex = 0; path = "Navigation 03.10.app"; sourceTree = BUILT_PRODUCTS_DIR; };
		457163A128EB102400B5F086 /* AppDelegate.swift */ = {isa = PBXFileReference; lastKnownFileType = sourcecode.swift; path = AppDelegate.swift; sourceTree = "<group>"; };
		457163A328EB102400B5F086 /* SceneDelegate.swift */ = {isa = PBXFileReference; lastKnownFileType = sourcecode.swift; path = SceneDelegate.swift; sourceTree = "<group>"; };
		457163A528EB102400B5F086 /* ViewController.swift */ = {isa = PBXFileReference; lastKnownFileType = sourcecode.swift; path = ViewController.swift; sourceTree = "<group>"; };
		457163AA28EB102400B5F086 /* Assets.xcassets */ = {isa = PBXFileReference; lastKnownFileType = folder.assetcatalog; path = Assets.xcassets; sourceTree = "<group>"; };
		457163AD28EB102400B5F086 /* Base */ = {isa = PBXFileReference; lastKnownFileType = file.storyboard; name = Base; path = Base.lproj/LaunchScreen.storyboard; sourceTree = "<group>"; };
		457163AF28EB102400B5F086 /* Info.plist */ = {isa = PBXFileReference; lastKnownFileType = text.plist.xml; path = Info.plist; sourceTree = "<group>"; };
		457163B528EB1EE000B5F086 /* FeedViewController.swift */ = {isa = PBXFileReference; lastKnownFileType = sourcecode.swift; path = FeedViewController.swift; sourceTree = "<group>"; };
		457163B728EB1EF300B5F086 /* ProfileViewController.swift */ = {isa = PBXFileReference; lastKnownFileType = sourcecode.swift; path = ProfileViewController.swift; sourceTree = "<group>"; };
		457163B928EB7C5B00B5F086 /* PostViewController.swift */ = {isa = PBXFileReference; lastKnownFileType = sourcecode.swift; path = PostViewController.swift; sourceTree = "<group>"; };
		457163BB28EB89C500B5F086 /* Post.swift */ = {isa = PBXFileReference; lastKnownFileType = sourcecode.swift; path = Post.swift; sourceTree = "<group>"; };
		457163BD28EB8E9200B5F086 /* InfoViewController.swift */ = {isa = PBXFileReference; lastKnownFileType = sourcecode.swift; path = InfoViewController.swift; sourceTree = "<group>"; };
		458331E5291408A8002CFDFD /* ProfileHeaderView.swift */ = {isa = PBXFileReference; lastKnownFileType = sourcecode.swift; path = ProfileHeaderView.swift; sourceTree = "<group>"; };
		458331E72934F314002CFDFD /* LogInViewController.swift */ = {isa = PBXFileReference; lastKnownFileType = sourcecode.swift; path = LogInViewController.swift; sourceTree = "<group>"; };
		458331ED29364908002CFDFD /* extensionUIView.swift */ = {isa = PBXFileReference; lastKnownFileType = sourcecode.swift; path = extensionUIView.swift; sourceTree = "<group>"; };
		458331EF293F7853002CFDFD /* PostTableViewCell.swift */ = {isa = PBXFileReference; lastKnownFileType = sourcecode.swift; path = PostTableViewCell.swift; sourceTree = "<group>"; };
/* End PBXFileReference section */

/* Begin PBXFrameworksBuildPhase section */
		453E1CBF299D088200282E44 /* Frameworks */ = {
			isa = PBXFrameworksBuildPhase;
			buildActionMask = 2147483647;
			files = (
			);
			runOnlyForDeploymentPostprocessing = 0;
		};
		453E1CC8299D088300282E44 /* Frameworks */ = {
			isa = PBXFrameworksBuildPhase;
			buildActionMask = 2147483647;
			files = (
				453E1CCC299D088300282E44 /* StorageService.framework in Frameworks */,
			);
			runOnlyForDeploymentPostprocessing = 0;
		};
		4571639B28EB102400B5F086 /* Frameworks */ = {
			isa = PBXFrameworksBuildPhase;
			buildActionMask = 2147483647;
			files = (
				453E1CD7299D088300282E44 /* StorageService.framework in Frameworks */,
			);
			runOnlyForDeploymentPostprocessing = 0;
		};
/* End PBXFrameworksBuildPhase section */

/* Begin PBXGroup section */
		453E1CC3299D088200282E44 /* StorageService */ = {
			isa = PBXGroup;
			children = (
				453E1CC4299D088200282E44 /* StorageService.h */,
				453E1CC5299D088200282E44 /* StorageService.docc */,
			);
			path = StorageService;
			sourceTree = "<group>";
		};
		4571639528EB102400B5F086 = {
			isa = PBXGroup;
			children = (
				457163A028EB102400B5F086 /* Navigation 03.10 */,
				453E1CC3299D088200282E44 /* StorageService */,
				4571639F28EB102400B5F086 /* Products */,
			);
			sourceTree = "<group>";
		};
		4571639F28EB102400B5F086 /* Products */ = {
			isa = PBXGroup;
			children = (
				4571639E28EB102400B5F086 /* Navigation 03.10.app */,
				453E1CC2299D088200282E44 /* StorageService.framework */,
				453E1CCB299D088300282E44 /* StorageServiceTests.xctest */,
			);
			name = Products;
			sourceTree = "<group>";
		};
		457163A028EB102400B5F086 /* Navigation 03.10 */ = {
			isa = PBXGroup;
			children = (
				457163A128EB102400B5F086 /* AppDelegate.swift */,
				457163A328EB102400B5F086 /* SceneDelegate.swift */,
				457163A528EB102400B5F086 /* ViewController.swift */,
				457163B528EB1EE000B5F086 /* FeedViewController.swift */,
				458331E429140807002CFDFD /* Profile */,
				457163B928EB7C5B00B5F086 /* PostViewController.swift */,
				457163BB28EB89C500B5F086 /* Post.swift */,
				457163BD28EB8E9200B5F086 /* InfoViewController.swift */,
				457163AA28EB102400B5F086 /* Assets.xcassets */,
				457163AC28EB102400B5F086 /* LaunchScreen.storyboard */,
				457163AF28EB102400B5F086 /* Info.plist */,
			);
			path = "Navigation 03.10";
			sourceTree = "<group>";
		};
		458331E429140807002CFDFD /* Profile */ = {
			isa = PBXGroup;
			children = (
				457163B728EB1EF300B5F086 /* ProfileViewController.swift */,
				458331E5291408A8002CFDFD /* ProfileHeaderView.swift */,
				458331E72934F314002CFDFD /* LogInViewController.swift */,
				458331ED29364908002CFDFD /* extensionUIView.swift */,
				458331EF293F7853002CFDFD /* PostTableViewCell.swift */,
				453E1C552971535700282E44 /* CustomPhotosTableCell.swift */,
				453E1C572986B53200282E44 /* PhotosViewController.swift */,
				453E1C592986F3B800282E44 /* PhotosCollectionViewCell.swift */,
			);
			path = Profile;
			sourceTree = "<group>";
		};
/* End PBXGroup section */

/* Begin PBXHeadersBuildPhase section */
		453E1CBD299D088200282E44 /* Headers */ = {
			isa = PBXHeadersBuildPhase;
			buildActionMask = 2147483647;
			files = (
				453E1CD4299D088300282E44 /* StorageService.h in Headers */,
			);
			runOnlyForDeploymentPostprocessing = 0;
		};
/* End PBXHeadersBuildPhase section */

/* Begin PBXNativeTarget section */
		453E1CC1299D088200282E44 /* StorageService */ = {
			isa = PBXNativeTarget;
			buildConfigurationList = 453E1CDE299D088300282E44 /* Build configuration list for PBXNativeTarget "StorageService" */;
			buildPhases = (
				453E1CBD299D088200282E44 /* Headers */,
				453E1CBE299D088200282E44 /* Sources */,
				453E1CBF299D088200282E44 /* Frameworks */,
				453E1CC0299D088200282E44 /* Resources */,
			);
			buildRules = (
			);
			dependencies = (
			);
			name = StorageService;
			productName = StorageService;
			productReference = 453E1CC2299D088200282E44 /* StorageService.framework */;
			productType = "com.apple.product-type.framework";
		};
		453E1CCA299D088300282E44 /* StorageServiceTests */ = {
			isa = PBXNativeTarget;
			buildConfigurationList = 453E1CDF299D088300282E44 /* Build configuration list for PBXNativeTarget "StorageServiceTests" */;
			buildPhases = (
				453E1CC7299D088300282E44 /* Sources */,
				453E1CC8299D088300282E44 /* Frameworks */,
				453E1CC9299D088300282E44 /* Resources */,
			);
			buildRules = (
			);
			dependencies = (
				453E1CCE299D088300282E44 /* PBXTargetDependency */,
				453E1CD0299D088300282E44 /* PBXTargetDependency */,
			);
			name = StorageServiceTests;
			productName = StorageServiceTests;
			productReference = 453E1CCB299D088300282E44 /* StorageServiceTests.xctest */;
			productType = "com.apple.product-type.bundle.unit-test";
		};
		4571639D28EB102400B5F086 /* Navigation 03.10 */ = {
			isa = PBXNativeTarget;
			buildConfigurationList = 457163B228EB102400B5F086 /* Build configuration list for PBXNativeTarget "Navigation 03.10" */;
			buildPhases = (
				4571639A28EB102400B5F086 /* Sources */,
				4571639B28EB102400B5F086 /* Frameworks */,
				4571639C28EB102400B5F086 /* Resources */,
				453E1CD9299D088300282E44 /* Embed Frameworks */,
			);
			buildRules = (
			);
			dependencies = (
				453E1CD6299D088300282E44 /* PBXTargetDependency */,
			);
			name = "Navigation 03.10";
			productName = "Navigation 03.10";
			productReference = 4571639E28EB102400B5F086 /* Navigation 03.10.app */;
			productType = "com.apple.product-type.application";
		};
/* End PBXNativeTarget section */

/* Begin PBXProject section */
		4571639628EB102400B5F086 /* Project object */ = {
			isa = PBXProject;
			attributes = {
				BuildIndependentTargetsInParallel = 1;
				LastSwiftUpdateCheck = 1420;
				LastUpgradeCheck = 1340;
				TargetAttributes = {
					453E1CC1299D088200282E44 = {
						CreatedOnToolsVersion = 14.2;
					};
					453E1CCA299D088300282E44 = {
						CreatedOnToolsVersion = 14.2;
						TestTargetID = 4571639D28EB102400B5F086;
					};
					4571639D28EB102400B5F086 = {
						CreatedOnToolsVersion = 13.4.1;
					};
				};
			};
			buildConfigurationList = 4571639928EB102400B5F086 /* Build configuration list for PBXProject "Navigation 03.10" */;
			compatibilityVersion = "Xcode 13.0";
			developmentRegion = en;
			hasScannedForEncodings = 0;
			knownRegions = (
				en,
				Base,
			);
			mainGroup = 4571639528EB102400B5F086;
			productRefGroup = 4571639F28EB102400B5F086 /* Products */;
			projectDirPath = "";
			projectRoot = "";
			targets = (
				4571639D28EB102400B5F086 /* Navigation 03.10 */,
				453E1CC1299D088200282E44 /* StorageService */,
				453E1CCA299D088300282E44 /* StorageServiceTests */,
			);
		};
/* End PBXProject section */

/* Begin PBXResourcesBuildPhase section */
		453E1CC0299D088200282E44 /* Resources */ = {
			isa = PBXResourcesBuildPhase;
			buildActionMask = 2147483647;
			files = (
			);
			runOnlyForDeploymentPostprocessing = 0;
		};
		453E1CC9299D088300282E44 /* Resources */ = {
			isa = PBXResourcesBuildPhase;
			buildActionMask = 2147483647;
			files = (
			);
			runOnlyForDeploymentPostprocessing = 0;
		};
		4571639C28EB102400B5F086 /* Resources */ = {
			isa = PBXResourcesBuildPhase;
			buildActionMask = 2147483647;
			files = (
				457163AE28EB102400B5F086 /* LaunchScreen.storyboard in Resources */,
				457163AB28EB102400B5F086 /* Assets.xcassets in Resources */,
			);
			runOnlyForDeploymentPostprocessing = 0;
		};
/* End PBXResourcesBuildPhase section */

/* Begin PBXSourcesBuildPhase section */
		453E1CBE299D088200282E44 /* Sources */ = {
			isa = PBXSourcesBuildPhase;
			buildActionMask = 2147483647;
			files = (
				453E1CC6299D088200282E44 /* StorageService.docc in Sources */,
				453E1CE0299D0E0500282E44 /* Post.swift in Sources */,
			);
			runOnlyForDeploymentPostprocessing = 0;
		};
		453E1CC7299D088300282E44 /* Sources */ = {
			isa = PBXSourcesBuildPhase;
			buildActionMask = 2147483647;
			files = (
			);
			runOnlyForDeploymentPostprocessing = 0;
		};
		4571639A28EB102400B5F086 /* Sources */ = {
			isa = PBXSourcesBuildPhase;
			buildActionMask = 2147483647;
			files = (
				457163BA28EB7C5B00B5F086 /* PostViewController.swift in Sources */,
				457163A628EB102400B5F086 /* ViewController.swift in Sources */,
				458331EE29364908002CFDFD /* extensionUIView.swift in Sources */,
				457163A228EB102400B5F086 /* AppDelegate.swift in Sources */,
				457163B828EB1EF300B5F086 /* ProfileViewController.swift in Sources */,
				458331E6291408A8002CFDFD /* ProfileHeaderView.swift in Sources */,
				453E1C562971535700282E44 /* CustomPhotosTableCell.swift in Sources */,
				457163B628EB1EE000B5F086 /* FeedViewController.swift in Sources */,
				457163BE28EB8E9200B5F086 /* InfoViewController.swift in Sources */,
				458331F0293F7853002CFDFD /* PostTableViewCell.swift in Sources */,
				453E1C5A2986F3B800282E44 /* PhotosCollectionViewCell.swift in Sources */,
				453E1C582986B53200282E44 /* PhotosViewController.swift in Sources */,
				458331E82934F314002CFDFD /* LogInViewController.swift in Sources */,
				457163A428EB102400B5F086 /* SceneDelegate.swift in Sources */,
			);
			runOnlyForDeploymentPostprocessing = 0;
		};
/* End PBXSourcesBuildPhase section */

/* Begin PBXTargetDependency section */
		453E1CCE299D088300282E44 /* PBXTargetDependency */ = {
			isa = PBXTargetDependency;
			target = 453E1CC1299D088200282E44 /* StorageService */;
			targetProxy = 453E1CCD299D088300282E44 /* PBXContainerItemProxy */;
		};
		453E1CD0299D088300282E44 /* PBXTargetDependency */ = {
			isa = PBXTargetDependency;
			target = 4571639D28EB102400B5F086 /* Navigation 03.10 */;
			targetProxy = 453E1CCF299D088300282E44 /* PBXContainerItemProxy */;
		};
		453E1CD6299D088300282E44 /* PBXTargetDependency */ = {
			isa = PBXTargetDependency;
			target = 453E1CC1299D088200282E44 /* StorageService */;
			targetProxy = 453E1CD5299D088300282E44 /* PBXContainerItemProxy */;
		};
/* End PBXTargetDependency section */

/* Begin PBXVariantGroup section */
		457163AC28EB102400B5F086 /* LaunchScreen.storyboard */ = {
			isa = PBXVariantGroup;
			children = (
				457163AD28EB102400B5F086 /* Base */,
			);
			name = LaunchScreen.storyboard;
			sourceTree = "<group>";
		};
/* End PBXVariantGroup section */

/* Begin XCBuildConfiguration section */
		453E1CDA299D088300282E44 /* Debug */ = {
			isa = XCBuildConfiguration;
			buildSettings = {
				CLANG_CXX_LANGUAGE_STANDARD = "gnu++20";
				CODE_SIGN_STYLE = Automatic;
				CURRENT_PROJECT_VERSION = 1;
				DEFINES_MODULE = YES;
				DYLIB_COMPATIBILITY_VERSION = 1;
				DYLIB_CURRENT_VERSION = 1;
				DYLIB_INSTALL_NAME_BASE = "@rpath";
				GENERATE_INFOPLIST_FILE = YES;
				INFOPLIST_KEY_NSHumanReadableCopyright = "";
				INSTALL_PATH = "$(LOCAL_LIBRARY_DIR)/Frameworks";
				IPHONEOS_DEPLOYMENT_TARGET = 15.5;
				LD_RUNPATH_SEARCH_PATHS = (
					"$(inherited)",
					"@executable_path/Frameworks",
					"@loader_path/Frameworks",
				);
				MARKETING_VERSION = 1.0;
				PRODUCT_BUNDLE_IDENTIFIER = Kostenko.StorageService;
				PRODUCT_NAME = "$(TARGET_NAME:c99extidentifier)";
				SKIP_INSTALL = YES;
				SWIFT_EMIT_LOC_STRINGS = YES;
				SWIFT_VERSION = 5.0;
				TARGETED_DEVICE_FAMILY = "1,2";
				VERSIONING_SYSTEM = "apple-generic";
				VERSION_INFO_PREFIX = "";
			};
			name = Debug;
		};
		453E1CDB299D088300282E44 /* Release */ = {
			isa = XCBuildConfiguration;
			buildSettings = {
				CLANG_CXX_LANGUAGE_STANDARD = "gnu++20";
				CODE_SIGN_STYLE = Automatic;
				CURRENT_PROJECT_VERSION = 1;
				DEFINES_MODULE = YES;
				DYLIB_COMPATIBILITY_VERSION = 1;
				DYLIB_CURRENT_VERSION = 1;
				DYLIB_INSTALL_NAME_BASE = "@rpath";
				GENERATE_INFOPLIST_FILE = YES;
				INFOPLIST_KEY_NSHumanReadableCopyright = "";
				INSTALL_PATH = "$(LOCAL_LIBRARY_DIR)/Frameworks";
				IPHONEOS_DEPLOYMENT_TARGET = 15.5;
				LD_RUNPATH_SEARCH_PATHS = (
					"$(inherited)",
					"@executable_path/Frameworks",
					"@loader_path/Frameworks",
				);
				MARKETING_VERSION = 1.0;
				PRODUCT_BUNDLE_IDENTIFIER = Kostenko.StorageService;
				PRODUCT_NAME = "$(TARGET_NAME:c99extidentifier)";
				SKIP_INSTALL = YES;
				SWIFT_EMIT_LOC_STRINGS = YES;
				SWIFT_VERSION = 5.0;
				TARGETED_DEVICE_FAMILY = "1,2";
				VERSIONING_SYSTEM = "apple-generic";
				VERSION_INFO_PREFIX = "";
			};
			name = Release;
		};
		453E1CDC299D088300282E44 /* Debug */ = {
			isa = XCBuildConfiguration;
			buildSettings = {
				ALWAYS_EMBED_SWIFT_STANDARD_LIBRARIES = YES;
				CLANG_CXX_LANGUAGE_STANDARD = "gnu++20";
				CODE_SIGN_STYLE = Automatic;
				CURRENT_PROJECT_VERSION = 1;
				GENERATE_INFOPLIST_FILE = YES;
				IPHONEOS_DEPLOYMENT_TARGET = 16.2;
				MARKETING_VERSION = 1.0;
				PRODUCT_BUNDLE_IDENTIFIER = Kostenko.StorageServiceTests;
				PRODUCT_NAME = "$(TARGET_NAME)";
				SWIFT_EMIT_LOC_STRINGS = NO;
				SWIFT_VERSION = 5.0;
				TARGETED_DEVICE_FAMILY = "1,2";
				TEST_HOST = "$(BUILT_PRODUCTS_DIR)/Navigation 03.10.app/$(BUNDLE_EXECUTABLE_FOLDER_PATH)/Navigation 03.10";
			};
			name = Debug;
		};
		453E1CDD299D088300282E44 /* Release */ = {
			isa = XCBuildConfiguration;
			buildSettings = {
				ALWAYS_EMBED_SWIFT_STANDARD_LIBRARIES = YES;
				CLANG_CXX_LANGUAGE_STANDARD = "gnu++20";
				CODE_SIGN_STYLE = Automatic;
				CURRENT_PROJECT_VERSION = 1;
				GENERATE_INFOPLIST_FILE = YES;
				IPHONEOS_DEPLOYMENT_TARGET = 16.2;
				MARKETING_VERSION = 1.0;
				PRODUCT_BUNDLE_IDENTIFIER = Kostenko.StorageServiceTests;
				PRODUCT_NAME = "$(TARGET_NAME)";
				SWIFT_EMIT_LOC_STRINGS = NO;
				SWIFT_VERSION = 5.0;
				TARGETED_DEVICE_FAMILY = "1,2";
				TEST_HOST = "$(BUILT_PRODUCTS_DIR)/Navigation 03.10.app/$(BUNDLE_EXECUTABLE_FOLDER_PATH)/Navigation 03.10";
			};
			name = Release;
		};
		457163B028EB102400B5F086 /* Debug */ = {
			isa = XCBuildConfiguration;
			buildSettings = {
				ALWAYS_SEARCH_USER_PATHS = NO;
				CLANG_ANALYZER_NONNULL = YES;
				CLANG_ANALYZER_NUMBER_OBJECT_CONVERSION = YES_AGGRESSIVE;
				CLANG_CXX_LANGUAGE_STANDARD = "gnu++17";
				CLANG_ENABLE_MODULES = YES;
				CLANG_ENABLE_OBJC_ARC = YES;
				CLANG_ENABLE_OBJC_WEAK = YES;
				CLANG_WARN_BLOCK_CAPTURE_AUTORELEASING = YES;
				CLANG_WARN_BOOL_CONVERSION = YES;
				CLANG_WARN_COMMA = YES;
				CLANG_WARN_CONSTANT_CONVERSION = YES;
				CLANG_WARN_DEPRECATED_OBJC_IMPLEMENTATIONS = YES;
				CLANG_WARN_DIRECT_OBJC_ISA_USAGE = YES_ERROR;
				CLANG_WARN_DOCUMENTATION_COMMENTS = YES;
				CLANG_WARN_EMPTY_BODY = YES;
				CLANG_WARN_ENUM_CONVERSION = YES;
				CLANG_WARN_INFINITE_RECURSION = YES;
				CLANG_WARN_INT_CONVERSION = YES;
				CLANG_WARN_NON_LITERAL_NULL_CONVERSION = YES;
				CLANG_WARN_OBJC_IMPLICIT_RETAIN_SELF = YES;
				CLANG_WARN_OBJC_LITERAL_CONVERSION = YES;
				CLANG_WARN_OBJC_ROOT_CLASS = YES_ERROR;
				CLANG_WARN_QUOTED_INCLUDE_IN_FRAMEWORK_HEADER = YES;
				CLANG_WARN_RANGE_LOOP_ANALYSIS = YES;
				CLANG_WARN_STRICT_PROTOTYPES = YES;
				CLANG_WARN_SUSPICIOUS_MOVE = YES;
				CLANG_WARN_UNGUARDED_AVAILABILITY = YES_AGGRESSIVE;
				CLANG_WARN_UNREACHABLE_CODE = YES;
				CLANG_WARN__DUPLICATE_METHOD_MATCH = YES;
				COPY_PHASE_STRIP = NO;
				DEBUG_INFORMATION_FORMAT = dwarf;
				ENABLE_STRICT_OBJC_MSGSEND = YES;
				ENABLE_TESTABILITY = YES;
				GCC_C_LANGUAGE_STANDARD = gnu11;
				GCC_DYNAMIC_NO_PIC = NO;
				GCC_NO_COMMON_BLOCKS = YES;
				GCC_OPTIMIZATION_LEVEL = 0;
				GCC_PREPROCESSOR_DEFINITIONS = (
					"DEBUG=1",
					"$(inherited)",
				);
				GCC_WARN_64_TO_32_BIT_CONVERSION = YES;
				GCC_WARN_ABOUT_RETURN_TYPE = YES_ERROR;
				GCC_WARN_UNDECLARED_SELECTOR = YES;
				GCC_WARN_UNINITIALIZED_AUTOS = YES_AGGRESSIVE;
				GCC_WARN_UNUSED_FUNCTION = YES;
				GCC_WARN_UNUSED_VARIABLE = YES;
				IPHONEOS_DEPLOYMENT_TARGET = 15.5;
				MTL_ENABLE_DEBUG_INFO = INCLUDE_SOURCE;
				MTL_FAST_MATH = YES;
				ONLY_ACTIVE_ARCH = YES;
				SDKROOT = iphoneos;
				SWIFT_ACTIVE_COMPILATION_CONDITIONS = DEBUG;
				SWIFT_OPTIMIZATION_LEVEL = "-Onone";
			};
			name = Debug;
		};
		457163B128EB102400B5F086 /* Release */ = {
			isa = XCBuildConfiguration;
			buildSettings = {
				ALWAYS_SEARCH_USER_PATHS = NO;
				CLANG_ANALYZER_NONNULL = YES;
				CLANG_ANALYZER_NUMBER_OBJECT_CONVERSION = YES_AGGRESSIVE;
				CLANG_CXX_LANGUAGE_STANDARD = "gnu++17";
				CLANG_ENABLE_MODULES = YES;
				CLANG_ENABLE_OBJC_ARC = YES;
				CLANG_ENABLE_OBJC_WEAK = YES;
				CLANG_WARN_BLOCK_CAPTURE_AUTORELEASING = YES;
				CLANG_WARN_BOOL_CONVERSION = YES;
				CLANG_WARN_COMMA = YES;
				CLANG_WARN_CONSTANT_CONVERSION = YES;
				CLANG_WARN_DEPRECATED_OBJC_IMPLEMENTATIONS = YES;
				CLANG_WARN_DIRECT_OBJC_ISA_USAGE = YES_ERROR;
				CLANG_WARN_DOCUMENTATION_COMMENTS = YES;
				CLANG_WARN_EMPTY_BODY = YES;
				CLANG_WARN_ENUM_CONVERSION = YES;
				CLANG_WARN_INFINITE_RECURSION = YES;
				CLANG_WARN_INT_CONVERSION = YES;
				CLANG_WARN_NON_LITERAL_NULL_CONVERSION = YES;
				CLANG_WARN_OBJC_IMPLICIT_RETAIN_SELF = YES;
				CLANG_WARN_OBJC_LITERAL_CONVERSION = YES;
				CLANG_WARN_OBJC_ROOT_CLASS = YES_ERROR;
				CLANG_WARN_QUOTED_INCLUDE_IN_FRAMEWORK_HEADER = YES;
				CLANG_WARN_RANGE_LOOP_ANALYSIS = YES;
				CLANG_WARN_STRICT_PROTOTYPES = YES;
				CLANG_WARN_SUSPICIOUS_MOVE = YES;
				CLANG_WARN_UNGUARDED_AVAILABILITY = YES_AGGRESSIVE;
				CLANG_WARN_UNREACHABLE_CODE = YES;
				CLANG_WARN__DUPLICATE_METHOD_MATCH = YES;
				COPY_PHASE_STRIP = NO;
				DEBUG_INFORMATION_FORMAT = "dwarf-with-dsym";
				ENABLE_NS_ASSERTIONS = NO;
				ENABLE_STRICT_OBJC_MSGSEND = YES;
				GCC_C_LANGUAGE_STANDARD = gnu11;
				GCC_NO_COMMON_BLOCKS = YES;
				GCC_WARN_64_TO_32_BIT_CONVERSION = YES;
				GCC_WARN_ABOUT_RETURN_TYPE = YES_ERROR;
				GCC_WARN_UNDECLARED_SELECTOR = YES;
				GCC_WARN_UNINITIALIZED_AUTOS = YES_AGGRESSIVE;
				GCC_WARN_UNUSED_FUNCTION = YES;
				GCC_WARN_UNUSED_VARIABLE = YES;
				IPHONEOS_DEPLOYMENT_TARGET = 15.5;
				MTL_ENABLE_DEBUG_INFO = NO;
				MTL_FAST_MATH = YES;
				SDKROOT = iphoneos;
				SWIFT_COMPILATION_MODE = wholemodule;
				SWIFT_OPTIMIZATION_LEVEL = "-O";
				VALIDATE_PRODUCT = YES;
			};
			name = Release;
		};
		457163B328EB102400B5F086 /* Debug */ = {
			isa = XCBuildConfiguration;
			buildSettings = {
				ALWAYS_EMBED_SWIFT_STANDARD_LIBRARIES = YES;
				ASSETCATALOG_COMPILER_APPICON_NAME = AppIcon;
				ASSETCATALOG_COMPILER_GLOBAL_ACCENT_COLOR_NAME = AccentColor;
				CODE_SIGN_STYLE = Automatic;
				CURRENT_PROJECT_VERSION = 1;
				GENERATE_INFOPLIST_FILE = YES;
				INFOPLIST_FILE = "Navigation 03.10/Info.plist";
				INFOPLIST_KEY_UIApplicationSupportsIndirectInputEvents = YES;
				INFOPLIST_KEY_UILaunchStoryboardName = LaunchScreen;
				INFOPLIST_KEY_UISupportedInterfaceOrientations_iPad = "UIInterfaceOrientationPortrait UIInterfaceOrientationPortraitUpsideDown UIInterfaceOrientationLandscapeLeft UIInterfaceOrientationLandscapeRight";
				INFOPLIST_KEY_UISupportedInterfaceOrientations_iPhone = "UIInterfaceOrientationPortrait UIInterfaceOrientationLandscapeLeft UIInterfaceOrientationLandscapeRight";
				LD_RUNPATH_SEARCH_PATHS = (
					"$(inherited)",
					"@executable_path/Frameworks",
				);
				MARKETING_VERSION = 1.0;
				PRODUCT_BUNDLE_IDENTIFIER = "Kostenko.Navigation-03-10";
				PRODUCT_NAME = "$(TARGET_NAME)";
				SWIFT_EMIT_LOC_STRINGS = YES;
				SWIFT_VERSION = 5.0;
				TARGETED_DEVICE_FAMILY = "1,2";
			};
			name = Debug;
		};
		457163B428EB102400B5F086 /* Release */ = {
			isa = XCBuildConfiguration;
			buildSettings = {
				ALWAYS_EMBED_SWIFT_STANDARD_LIBRARIES = YES;
				ASSETCATALOG_COMPILER_APPICON_NAME = AppIcon;
				ASSETCATALOG_COMPILER_GLOBAL_ACCENT_COLOR_NAME = AccentColor;
				CODE_SIGN_STYLE = Automatic;
				CURRENT_PROJECT_VERSION = 1;
				GENERATE_INFOPLIST_FILE = YES;
				INFOPLIST_FILE = "Navigation 03.10/Info.plist";
				INFOPLIST_KEY_UIApplicationSupportsIndirectInputEvents = YES;
				INFOPLIST_KEY_UILaunchStoryboardName = LaunchScreen;
				INFOPLIST_KEY_UISupportedInterfaceOrientations_iPad = "UIInterfaceOrientationPortrait UIInterfaceOrientationPortraitUpsideDown UIInterfaceOrientationLandscapeLeft UIInterfaceOrientationLandscapeRight";
				INFOPLIST_KEY_UISupportedInterfaceOrientations_iPhone = "UIInterfaceOrientationPortrait UIInterfaceOrientationLandscapeLeft UIInterfaceOrientationLandscapeRight";
				LD_RUNPATH_SEARCH_PATHS = (
					"$(inherited)",
					"@executable_path/Frameworks",
				);
				MARKETING_VERSION = 1.0;
				PRODUCT_BUNDLE_IDENTIFIER = "Kostenko.Navigation-03-10";
				PRODUCT_NAME = "$(TARGET_NAME)";
				SWIFT_EMIT_LOC_STRINGS = YES;
				SWIFT_VERSION = 5.0;
				TARGETED_DEVICE_FAMILY = "1,2";
			};
			name = Release;
		};
/* End XCBuildConfiguration section */

/* Begin XCConfigurationList section */
		453E1CDE299D088300282E44 /* Build configuration list for PBXNativeTarget "StorageService" */ = {
			isa = XCConfigurationList;
			buildConfigurations = (
				453E1CDA299D088300282E44 /* Debug */,
				453E1CDB299D088300282E44 /* Release */,
			);
			defaultConfigurationIsVisible = 0;
			defaultConfigurationName = Release;
		};
		453E1CDF299D088300282E44 /* Build configuration list for PBXNativeTarget "StorageServiceTests" */ = {
			isa = XCConfigurationList;
			buildConfigurations = (
				453E1CDC299D088300282E44 /* Debug */,
				453E1CDD299D088300282E44 /* Release */,
			);
			defaultConfigurationIsVisible = 0;
			defaultConfigurationName = Release;
		};
		4571639928EB102400B5F086 /* Build configuration list for PBXProject "Navigation 03.10" */ = {
			isa = XCConfigurationList;
			buildConfigurations = (
				457163B028EB102400B5F086 /* Debug */,
				457163B128EB102400B5F086 /* Release */,
			);
			defaultConfigurationIsVisible = 0;
			defaultConfigurationName = Release;
		};
		457163B228EB102400B5F086 /* Build configuration list for PBXNativeTarget "Navigation 03.10" */ = {
			isa = XCConfigurationList;
			buildConfigurations = (
				457163B328EB102400B5F086 /* Debug */,
				457163B428EB102400B5F086 /* Release */,
			);
			defaultConfigurationIsVisible = 0;
			defaultConfigurationName = Release;
		};
/* End XCConfigurationList section */
	};
	rootObject = 4571639628EB102400B5F086 /* Project object */;
}
